
Microsoft Visual Studio Solution File, Format Version 12.00
# Visual Studio Version 16
VisualStudioVersion = 16.0.31624.102
MinimumVisualStudioVersion = 10.0.40219.1
Project("{FAE04EC0-301F-11D3-BF4B-00C04F79EFBC}") = "ListFilteringV1", "ListFilteringV1\ListFilteringV1.csproj", "{B9D2D638-F659-438F-84B9-305530D16843}"
EndProject
Global
	GlobalSection(SolutionConfigurationPlatforms) = preSolution
		Debug|Any CPU = Debug|Any CPU
		Release|Any CPU = Release|Any CPU
	EndGlobalSection
	GlobalSection(ProjectConfigurationPlatforms) = postSolution
		{B9D2D638-F659-438F-84B9-305530D16843}.Debug|Any CPU.ActiveCfg = Debug|Any CPU
		{B9D2D638-F659-438F-84B9-305530D16843}.Debug|Any CPU.Build.0 = Debug|Any CPU
		{B9D2D638-F659-438F-84B9-305530D16843}.Release|Any CPU.ActiveCfg = Release|Any CPU
		{B9D2D638-F659-438F-84B9-305530D16843}.Release|Any CPU.Build.0 = Release|Any CPU
	EndGlobalSection
	GlobalSection(SolutionProperties) = preSolution
		HideSolutionNode = FALSE
	EndGlobalSection
	GlobalSection(ExtensibilityGlobals) = postSolution
		SolutionGuid = {E01EA0E8-04AE-4B9E-86C8-8CACBE222DE7}
	EndGlobalSection
EndGlobal
